{
  "name": "path-to-regexp-2-0-0",
  "version": "2.0.0",
  "lockfileVersion": 1,
  "requires": true,
  "dependencies": {
    "path-to-regexp": {
      "version": "2.0.0",
      "resolved": "https://registry.npmjs.org/path-to-regexp/-/path-to-regexp-2.0.0.tgz",
      "integrity": "sha512-DPZblKdQsbV6B3fHknj89h6Nw/Z5zFK0nFX+DVN7y8a+IUHf9taJWvMK+ue0+AEjXrke0KVRCcfm2pOYGSRk8g=="
    }
  }
}
